
Microsoft Visual Studio Solution File, Format Version 10.00
# Visual Studio 2008
Project("{FAE04EC0-301F-11D3-BF4B-00C04F79EFBC}") = "RTD", "RTD\RTD.csproj", "{DE1DBD6A-B44C-40FE-A3E4-6D0C5923E193}"
EndProject
Project("{FAE04EC0-301F-11D3-BF4B-00C04F79EFBC}") = "AddIn", "AddIn\AddIn.csproj", "{125F5DF9-0E22-4107-BC6A-26FF4178BACE}"
EndProject
Global
	GlobalSection(SolutionConfigurationPlatforms) = preSolution
		Debug|Any CPU = Debug|Any CPU
		Release|Any CPU = Release|Any CPU
	EndGlobalSection
	GlobalSection(ProjectConfigurationPlatforms) = postSolution
		{DE1DBD6A-B44C-40FE-A3E4-6D0C5923E193}.Debug|Any CPU.ActiveCfg = Debug|Any CPU
		{DE1DBD6A-B44C-40FE-A3E4-6D0C5923E193}.Debug|Any CPU.Build.0 = Debug|Any CPU
		{DE1DBD6A-B44C-40FE-A3E4-6D0C5923E193}.Release|Any CPU.ActiveCfg = Release|Any CPU
		{DE1DBD6A-B44C-40FE-A3E4-6D0C5923E193}.Release|Any CPU.Build.0 = Release|Any CPU
		{125F5DF9-0E22-4107-BC6A-26FF4178BACE}.Debug|Any CPU.ActiveCfg = Debug|Any CPU
		{125F5DF9-0E22-4107-BC6A-26FF4178BACE}.Debug|Any CPU.Build.0 = Debug|Any CPU
		{125F5DF9-0E22-4107-BC6A-26FF4178BACE}.Release|Any CPU.ActiveCfg = Release|Any CPU
		{125F5DF9-0E22-4107-BC6A-26FF4178BACE}.Release|Any CPU.Build.0 = Release|Any CPU
	EndGlobalSection
	GlobalSection(SolutionProperties) = preSolution
		HideSolutionNode = FALSE
	EndGlobalSection
EndGlobal
